
Microsoft Visual Studio Solution File, Format Version 12.00
# Visual Studio Version 17
VisualStudioVersion = 17.12.35527.113
MinimumVisualStudioVersion = 10.0.40219.1
Project("{FAE04EC0-301F-11D3-BF4B-00C04F79EFBC}") = "BookingServiceApi", "BookingServiceApi\BookingServiceApi.csproj", "{4909DC3D-2014-495E-AE92-259A86D173F5}"
EndProject
Project("{FAE04EC0-301F-11D3-BF4B-00C04F79EFBC}") = "HootelManagementDomain", "HootelManagementDomain\HootelManagementDomain.csproj", "{379569C7-1E33-4FDA-8100-456EDE1D1AAF}"
EndProject
Project("{FAE04EC0-301F-11D3-BF4B-00C04F79EFBC}") = "HotelManagementInfratructure", "HotelManagementInfratructure\HotelManagementInfratructure.csproj", "{50E88D5E-6681-4974-837A-10FAB48CD445}"
EndProject
Project("{FAE04EC0-301F-11D3-BF4B-00C04F79EFBC}") = "HotelManagementApplication", "HotelManagementApplication\HotelManagementApplication.csproj", "{EF6C9A64-E660-4987-9041-81A6B19592B1}"
EndProject
Global
	GlobalSection(SolutionConfigurationPlatforms) = preSolution
		Debug|Any CPU = Debug|Any CPU
		Release|Any CPU = Release|Any CPU
	EndGlobalSection
	GlobalSection(ProjectConfigurationPlatforms) = postSolution
		{4909DC3D-2014-495E-AE92-259A86D173F5}.Debug|Any CPU.ActiveCfg = Debug|Any CPU
		{4909DC3D-2014-495E-AE92-259A86D173F5}.Debug|Any CPU.Build.0 = Debug|Any CPU
		{4909DC3D-2014-495E-AE92-259A86D173F5}.Release|Any CPU.ActiveCfg = Release|Any CPU
		{4909DC3D-2014-495E-AE92-259A86D173F5}.Release|Any CPU.Build.0 = Release|Any CPU
		{379569C7-1E33-4FDA-8100-456EDE1D1AAF}.Debug|Any CPU.ActiveCfg = Debug|Any CPU
		{379569C7-1E33-4FDA-8100-456EDE1D1AAF}.Debug|Any CPU.Build.0 = Debug|Any CPU
		{379569C7-1E33-4FDA-8100-456EDE1D1AAF}.Release|Any CPU.ActiveCfg = Release|Any CPU
		{379569C7-1E33-4FDA-8100-456EDE1D1AAF}.Release|Any CPU.Build.0 = Release|Any CPU
		{50E88D5E-6681-4974-837A-10FAB48CD445}.Debug|Any CPU.ActiveCfg = Debug|Any CPU
		{50E88D5E-6681-4974-837A-10FAB48CD445}.Debug|Any CPU.Build.0 = Debug|Any CPU
		{50E88D5E-6681-4974-837A-10FAB48CD445}.Release|Any CPU.ActiveCfg = Release|Any CPU
		{50E88D5E-6681-4974-837A-10FAB48CD445}.Release|Any CPU.Build.0 = Release|Any CPU
		{EF6C9A64-E660-4987-9041-81A6B19592B1}.Debug|Any CPU.ActiveCfg = Debug|Any CPU
		{EF6C9A64-E660-4987-9041-81A6B19592B1}.Debug|Any CPU.Build.0 = Debug|Any CPU
		{EF6C9A64-E660-4987-9041-81A6B19592B1}.Release|Any CPU.ActiveCfg = Release|Any CPU
		{EF6C9A64-E660-4987-9041-81A6B19592B1}.Release|Any CPU.Build.0 = Release|Any CPU
	EndGlobalSection
	GlobalSection(SolutionProperties) = preSolution
		HideSolutionNode = FALSE
	EndGlobalSection
EndGlobal
